
Microsoft Visual Studio Solution File, Format Version 12.00
# Visual Studio Version 16
VisualStudioVersion = 16.0.30804.86
MinimumVisualStudioVersion = 10.0.40219.1
Project("{9A19103F-16F7-4668-BE54-9A1E7A4F7556}") = "APICatalogo", "APICatalogo\APICatalogo.csproj", "{C000F520-ED60-4908-9F10-F3A09E920828}"
EndProject
Global
	GlobalSection(SolutionConfigurationPlatforms) = preSolution
		Debug|Any CPU = Debug|Any CPU
		Release|Any CPU = Release|Any CPU
	EndGlobalSection
	GlobalSection(ProjectConfigurationPlatforms) = postSolution
		{C000F520-ED60-4908-9F10-F3A09E920828}.Debug|Any CPU.ActiveCfg = Debug|Any CPU
		{C000F520-ED60-4908-9F10-F3A09E920828}.Debug|Any CPU.Build.0 = Debug|Any CPU
		{C000F520-ED60-4908-9F10-F3A09E920828}.Release|Any CPU.ActiveCfg = Release|Any CPU
		{C000F520-ED60-4908-9F10-F3A09E920828}.Release|Any CPU.Build.0 = Release|Any CPU
	EndGlobalSection
	GlobalSection(SolutionProperties) = preSolution
		HideSolutionNode = FALSE
	EndGlobalSection
	GlobalSection(ExtensibilityGlobals) = postSolution
		SolutionGuid = {46D947BF-4036-4866-B1F6-C964EB256232}
	EndGlobalSection
EndGlobal
